
Microsoft Visual Studio Solution File, Format Version 12.00
# Visual Studio Version 17
VisualStudioVersion = 17.14.36414.22
MinimumVisualStudioVersion = 10.0.40219.1
Project("{FAE04EC0-301F-11D3-BF4B-00C04F79EFBC}") = "Rhombus", "Rhombus\Rhombus.csproj", "{286DE291-B607-4F17-AF26-5D3274F730A8}"
EndProject
Project("{FAE04EC0-301F-11D3-BF4B-00C04F79EFBC}") = "MatrixMultiplication", "MatrixMultiplication\MatrixMultiplication.csproj", "{FBD7761F-A29A-4E02-907D-6DF7CB40E382}"
EndProject
Project("{2150E333-8FDC-42A3-9474-1A3956D46DE8}") = "MatrixMultiplication", "MatrixMultiplication", "{02EA681E-C7D8-13C7-8484-4AC65E1B71E8}"
EndProject
Project("{2150E333-8FDC-42A3-9474-1A3956D46DE8}") = "Rhombus", "Rhombus", "{57B4D3D1-D22B-40E9-B5AB-A13438D9B7AC}"
EndProject
Project("{FAE04EC0-301F-11D3-BF4B-00C04F79EFBC}") = "Shared", "Shared\Shared.csproj", "{22F72E50-B86A-48A6-4252-6FDC98C636E8}"
EndProject
Project("{2150E333-8FDC-42A3-9474-1A3956D46DE8}") = "Shared", "Shared", "{C8057F2C-EA82-4C8D-BF88-A8B6C8C53FEE}"
EndProject
Global
	GlobalSection(SolutionConfigurationPlatforms) = preSolution
		Debug|Any CPU = Debug|Any CPU
		Release|Any CPU = Release|Any CPU
	EndGlobalSection
	GlobalSection(ProjectConfigurationPlatforms) = postSolution
		{286DE291-B607-4F17-AF26-5D3274F730A8}.Debug|Any CPU.ActiveCfg = Debug|Any CPU
		{286DE291-B607-4F17-AF26-5D3274F730A8}.Debug|Any CPU.Build.0 = Debug|Any CPU
		{286DE291-B607-4F17-AF26-5D3274F730A8}.Release|Any CPU.ActiveCfg = Release|Any CPU
		{286DE291-B607-4F17-AF26-5D3274F730A8}.Release|Any CPU.Build.0 = Release|Any CPU
		{FBD7761F-A29A-4E02-907D-6DF7CB40E382}.Debug|Any CPU.ActiveCfg = Debug|Any CPU
		{FBD7761F-A29A-4E02-907D-6DF7CB40E382}.Debug|Any CPU.Build.0 = Debug|Any CPU
		{FBD7761F-A29A-4E02-907D-6DF7CB40E382}.Release|Any CPU.ActiveCfg = Release|Any CPU
		{FBD7761F-A29A-4E02-907D-6DF7CB40E382}.Release|Any CPU.Build.0 = Release|Any CPU
		{22F72E50-B86A-48A6-4252-6FDC98C636E8}.Debug|Any CPU.ActiveCfg = Debug|Any CPU
		{22F72E50-B86A-48A6-4252-6FDC98C636E8}.Debug|Any CPU.Build.0 = Debug|Any CPU
		{22F72E50-B86A-48A6-4252-6FDC98C636E8}.Release|Any CPU.ActiveCfg = Release|Any CPU
		{22F72E50-B86A-48A6-4252-6FDC98C636E8}.Release|Any CPU.Build.0 = Release|Any CPU
	EndGlobalSection
	GlobalSection(SolutionProperties) = preSolution
		HideSolutionNode = FALSE
	EndGlobalSection
	GlobalSection(NestedProjects) = preSolution
		{286DE291-B607-4F17-AF26-5D3274F730A8} = {57B4D3D1-D22B-40E9-B5AB-A13438D9B7AC}
		{FBD7761F-A29A-4E02-907D-6DF7CB40E382} = {02EA681E-C7D8-13C7-8484-4AC65E1B71E8}
		{22F72E50-B86A-48A6-4252-6FDC98C636E8} = {C8057F2C-EA82-4C8D-BF88-A8B6C8C53FEE}
	EndGlobalSection
	GlobalSection(ExtensibilityGlobals) = postSolution
		SolutionGuid = {C7C4DAB6-AF83-4073-A663-BDFE04E32F46}
	EndGlobalSection
EndGlobal
